
Microsoft Visual Studio Solution File, Format Version 12.00
# Visual Studio Version 17
VisualStudioVersion = 17.0.31903.59
MinimumVisualStudioVersion = 10.0.40219.1
Project("{2150E333-8FDC-42A3-9474-1A3956D46DE8}") = "src", "src", "{827E0CD3-B72D-47B6-A68D-7590B98EB39B}"
EndProject
Project("{2150E333-8FDC-42A3-9474-1A3956D46DE8}") = "tests", "tests", "{0AB3BF05-4346-4AA6-1389-037BE0695223}"
EndProject
Project("{FAE04EC0-301F-11D3-BF4B-00C04F79EFBC}") = "Domain", "src\Domain\Domain.csproj", "{43504F61-A1BA-48B9-9015-DA50E22E38DA}"
EndProject
Project("{FAE04EC0-301F-11D3-BF4B-00C04F79EFBC}") = "Application", "src\Application\Application.csproj", "{F7847EA9-FDCD-4140-8361-29030E831E1B}"
EndProject
Project("{FAE04EC0-301F-11D3-BF4B-00C04F79EFBC}") = "Infrastructure", "src\Infrastructure\Infrastructure.csproj", "{7D610944-A003-462E-9280-021299A95459}"
EndProject
Project("{FAE04EC0-301F-11D3-BF4B-00C04F79EFBC}") = "Unit", "tests\Unit\Unit.csproj", "{6C575E9E-3E0F-46DF-8AD9-0360C4C30260}"
EndProject
Global
	GlobalSection(SolutionConfigurationPlatforms) = preSolution
		Debug|Any CPU = Debug|Any CPU
		Debug|x64 = Debug|x64
		Debug|x86 = Debug|x86
		Release|Any CPU = Release|Any CPU
		Release|x64 = Release|x64
		Release|x86 = Release|x86
	EndGlobalSection
	GlobalSection(ProjectConfigurationPlatforms) = postSolution
		{43504F61-A1BA-48B9-9015-DA50E22E38DA}.Debug|Any CPU.ActiveCfg = Debug|Any CPU
		{43504F61-A1BA-48B9-9015-DA50E22E38DA}.Debug|Any CPU.Build.0 = Debug|Any CPU
		{43504F61-A1BA-48B9-9015-DA50E22E38DA}.Debug|x64.ActiveCfg = Debug|Any CPU
		{43504F61-A1BA-48B9-9015-DA50E22E38DA}.Debug|x64.Build.0 = Debug|Any CPU
		{43504F61-A1BA-48B9-9015-DA50E22E38DA}.Debug|x86.ActiveCfg = Debug|Any CPU
		{43504F61-A1BA-48B9-9015-DA50E22E38DA}.Debug|x86.Build.0 = Debug|Any CPU
		{43504F61-A1BA-48B9-9015-DA50E22E38DA}.Release|Any CPU.ActiveCfg = Release|Any CPU
		{43504F61-A1BA-48B9-9015-DA50E22E38DA}.Release|Any CPU.Build.0 = Release|Any CPU
		{43504F61-A1BA-48B9-9015-DA50E22E38DA}.Release|x64.ActiveCfg = Release|Any CPU
		{43504F61-A1BA-48B9-9015-DA50E22E38DA}.Release|x64.Build.0 = Release|Any CPU
		{43504F61-A1BA-48B9-9015-DA50E22E38DA}.Release|x86.ActiveCfg = Release|Any CPU
		{43504F61-A1BA-48B9-9015-DA50E22E38DA}.Release|x86.Build.0 = Release|Any CPU
		{F7847EA9-FDCD-4140-8361-29030E831E1B}.Debug|Any CPU.ActiveCfg = Debug|Any CPU
		{F7847EA9-FDCD-4140-8361-29030E831E1B}.Debug|Any CPU.Build.0 = Debug|Any CPU
		{F7847EA9-FDCD-4140-8361-29030E831E1B}.Debug|x64.ActiveCfg = Debug|Any CPU
		{F7847EA9-FDCD-4140-8361-29030E831E1B}.Debug|x64.Build.0 = Debug|Any CPU
		{F7847EA9-FDCD-4140-8361-29030E831E1B}.Debug|x86.ActiveCfg = Debug|Any CPU
		{F7847EA9-FDCD-4140-8361-29030E831E1B}.Debug|x86.Build.0 = Debug|Any CPU
		{F7847EA9-FDCD-4140-8361-29030E831E1B}.Release|Any CPU.ActiveCfg = Release|Any CPU
		{F7847EA9-FDCD-4140-8361-29030E831E1B}.Release|Any CPU.Build.0 = Release|Any CPU
		{F7847EA9-FDCD-4140-8361-29030E831E1B}.Release|x64.ActiveCfg = Release|Any CPU
		{F7847EA9-FDCD-4140-8361-29030E831E1B}.Release|x64.Build.0 = Release|Any CPU
		{F7847EA9-FDCD-4140-8361-29030E831E1B}.Release|x86.ActiveCfg = Release|Any CPU
		{F7847EA9-FDCD-4140-8361-29030E831E1B}.Release|x86.Build.0 = Release|Any CPU
		{7D610944-A003-462E-9280-021299A95459}.Debug|Any CPU.ActiveCfg = Debug|Any CPU
		{7D610944-A003-462E-9280-021299A95459}.Debug|Any CPU.Build.0 = Debug|Any CPU
		{7D610944-A003-462E-9280-021299A95459}.Debug|x64.ActiveCfg = Debug|Any CPU
		{7D610944-A003-462E-9280-021299A95459}.Debug|x64.Build.0 = Debug|Any CPU
		{7D610944-A003-462E-9280-021299A95459}.Debug|x86.ActiveCfg = Debug|Any CPU
		{7D610944-A003-462E-9280-021299A95459}.Debug|x86.Build.0 = Debug|Any CPU
		{7D610944-A003-462E-9280-021299A95459}.Release|Any CPU.ActiveCfg = Release|Any CPU
		{7D610944-A003-462E-9280-021299A95459}.Release|Any CPU.Build.0 = Release|Any CPU
		{7D610944-A003-462E-9280-021299A95459}.Release|x64.ActiveCfg = Release|Any CPU
		{7D610944-A003-462E-9280-021299A95459}.Release|x64.Build.0 = Release|Any CPU
		{7D610944-A003-462E-9280-021299A95459}.Release|x86.ActiveCfg = Release|Any CPU
		{7D610944-A003-462E-9280-021299A95459}.Release|x86.Build.0 = Release|Any CPU
		{6C575E9E-3E0F-46DF-8AD9-0360C4C30260}.Debug|Any CPU.ActiveCfg = Debug|Any CPU
		{6C575E9E-3E0F-46DF-8AD9-0360C4C30260}.Debug|Any CPU.Build.0 = Debug|Any CPU
		{6C575E9E-3E0F-46DF-8AD9-0360C4C30260}.Debug|x64.ActiveCfg = Debug|Any CPU
		{6C575E9E-3E0F-46DF-8AD9-0360C4C30260}.Debug|x64.Build.0 = Debug|Any CPU
		{6C575E9E-3E0F-46DF-8AD9-0360C4C30260}.Debug|x86.ActiveCfg = Debug|Any CPU
		{6C575E9E-3E0F-46DF-8AD9-0360C4C30260}.Debug|x86.Build.0 = Debug|Any CPU
		{6C575E9E-3E0F-46DF-8AD9-0360C4C30260}.Release|Any CPU.ActiveCfg = Release|Any CPU
		{6C575E9E-3E0F-46DF-8AD9-0360C4C30260}.Release|Any CPU.Build.0 = Release|Any CPU
		{6C575E9E-3E0F-46DF-8AD9-0360C4C30260}.Release|x64.ActiveCfg = Release|Any CPU
		{6C575E9E-3E0F-46DF-8AD9-0360C4C30260}.Release|x64.Build.0 = Release|Any CPU
		{6C575E9E-3E0F-46DF-8AD9-0360C4C30260}.Release|x86.ActiveCfg = Release|Any CPU
		{6C575E9E-3E0F-46DF-8AD9-0360C4C30260}.Release|x86.Build.0 = Release|Any CPU
	EndGlobalSection
	GlobalSection(SolutionProperties) = preSolution
		HideSolutionNode = FALSE
	EndGlobalSection
	GlobalSection(NestedProjects) = preSolution
		{43504F61-A1BA-48B9-9015-DA50E22E38DA} = {827E0CD3-B72D-47B6-A68D-7590B98EB39B}
		{F7847EA9-FDCD-4140-8361-29030E831E1B} = {827E0CD3-B72D-47B6-A68D-7590B98EB39B}
		{7D610944-A003-462E-9280-021299A95459} = {827E0CD3-B72D-47B6-A68D-7590B98EB39B}
		{6C575E9E-3E0F-46DF-8AD9-0360C4C30260} = {0AB3BF05-4346-4AA6-1389-037BE0695223}
	EndGlobalSection
EndGlobal
